# DO NOT EDIT MANUALLY - Managed by Fern Replay
version: "1.0"
generations:
  - commit_sha: 8bd2d6094740d34dce41c2c3dd2cdbc62f51430a
    tree_hash: 342730587351739e3b6b1b4d94dea163daf956fb
    timestamp: 2026-05-21T17:02:28.282Z
    cli_version: unknown
    generator_versions: {}
  - commit_sha: d060d8ed2d949444744880e3bda158ee8171a21c
    tree_hash: e10835f689fd5852670d7c69427dde22ff21663a
    timestamp: 2026-06-01T11:55:39.579Z
    cli_version: unknown
    generator_versions:
      fernapi/fern-typescript-node-sdk: 3.70.7
  - commit_sha: 7277c2f9c5bd737e27f6d3a0bad9a899a50f3af1
    tree_hash: 30be57bf839e31e431c66ade3ca7712c4d1b02b3
    timestamp: 2026-07-14T14:42:19.534Z
    cli_version: unknown
    generator_versions:
      fernapi/fern-typescript-node-sdk: 3.70.7
  - commit_sha: 690e2a4195915e188edcdfd7c7c92e3e4b8d45c0
    tree_hash: 29c7eed46f0dbaed7c4757d2254f56d477b340ba
    timestamp: 2026-07-20T16:23:20.643Z
    cli_version: unknown
    generator_versions:
      fernapi/fern-typescript-node-sdk: 3.70.7
  - commit_sha: 88adb21b6ea180113400c8518ae988b38175895c
    tree_hash: 7141f6088a4e5ee9b0c6b14a4dc75027f38b5afb
    timestamp: 2026-07-27T18:02:49.807Z
    cli_version: unknown
    generator_versions:
      fernapi/fern-typescript-node-sdk: 3.70.7
  - commit_sha: 61462b201c5c5ac2cbc3995e9aa17c578640f140
    tree_hash: 21a092c7b8566941e2d13500eb4fae05d4795dbc
    timestamp: 2026-08-03T11:02:59.914Z
    cli_version: unknown
    generator_versions:
      fernapi/fern-typescript-node-sdk: 3.70.7
  - commit_sha: a5c877f9ecaa4061db14572ff37a6dc9e4a95978
    tree_hash: e5a0317c2cf267e8a020238f93c1168340746053
    timestamp: 2026-08-10T10:27:38.011Z
    cli_version: unknown
    generator_versions:
      fernapi/fern-typescript-node-sdk: 3.70.7
current_generation: a5c877f9ecaa4061db14572ff37a6dc9e4a95978
patches: []
