# DO NOT EDIT MANUALLY - Managed by Fern Replay
version: "1.0"
generations:
  - commit_sha: 8bd2d6094740d34dce41c2c3dd2cdbc62f51430a
    tree_hash: 342730587351739e3b6b1b4d94dea163daf956fb
    timestamp: 2026-05-21T17:02:28.282Z
    cli_version: unknown
    generator_versions: {}
current_generation: 8bd2d6094740d34dce41c2c3dd2cdbc62f51430a
patches: []
